
Microsoft Visual Studio Solution File, Format Version 12.00
# Visual Studio Version 16
VisualStudioVersion = 16.0.808.4
MinimumVisualStudioVersion = 10.0.40219.1
Project("{FAE04EC0-301F-11D3-BF4B-00C04F79EFBC}") = "JokesWebAppMVC", "JokesWebAppMVC\JokesWebAppMVC.csproj", "{04AFF8CA-4355-44E5-8D2A-20C254A3B09C}"
EndProject
Global
	GlobalSection(SolutionConfigurationPlatforms) = preSolution
		Debug|Any CPU = Debug|Any CPU
		Release|Any CPU = Release|Any CPU
	EndGlobalSection
	GlobalSection(ProjectConfigurationPlatforms) = postSolution
		{04AFF8CA-4355-44E5-8D2A-20C254A3B09C}.Debug|Any CPU.ActiveCfg = Debug|Any CPU
		{04AFF8CA-4355-44E5-8D2A-20C254A3B09C}.Debug|Any CPU.Build.0 = Debug|Any CPU
		{04AFF8CA-4355-44E5-8D2A-20C254A3B09C}.Release|Any CPU.ActiveCfg = Release|Any CPU
		{04AFF8CA-4355-44E5-8D2A-20C254A3B09C}.Release|Any CPU.Build.0 = Release|Any CPU
	EndGlobalSection
	GlobalSection(SolutionProperties) = preSolution
		HideSolutionNode = FALSE
	EndGlobalSection
	GlobalSection(ExtensibilityGlobals) = postSolution
		SolutionGuid = {A1B19612-970F-4D97-9209-76B8CFC09BAB}
	EndGlobalSection
EndGlobal
